
Microsoft Visual Studio Solution File, Format Version 12.00
# Visual Studio Version 17
VisualStudioVersion = 17.6.33829.357
MinimumVisualStudioVersion = 10.0.40219.1
Project("{FAE04EC0-301F-11D3-BF4B-00C04F79EFBC}") = "MyJs", "MyJs\MyJs.csproj", "{2C41B140-F18C-4921-9183-BF3FCA47E77C}"
EndProject
Global
	GlobalSection(SolutionConfigurationPlatforms) = preSolution
		Debug|Any CPU = Debug|Any CPU
		Release|Any CPU = Release|Any CPU
	EndGlobalSection
	GlobalSection(ProjectConfigurationPlatforms) = postSolution
		{2C41B140-F18C-4921-9183-BF3FCA47E77C}.Debug|Any CPU.ActiveCfg = Debug|Any CPU
		{2C41B140-F18C-4921-9183-BF3FCA47E77C}.Debug|Any CPU.Build.0 = Debug|Any CPU
		{2C41B140-F18C-4921-9183-BF3FCA47E77C}.Release|Any CPU.ActiveCfg = Release|Any CPU
		{2C41B140-F18C-4921-9183-BF3FCA47E77C}.Release|Any CPU.Build.0 = Release|Any CPU
	EndGlobalSection
	GlobalSection(SolutionProperties) = preSolution
		HideSolutionNode = FALSE
	EndGlobalSection
	GlobalSection(ExtensibilityGlobals) = postSolution
		SolutionGuid = {BDBC9B9D-9B3D-4CCE-BC49-76284227F6D6}
	EndGlobalSection
EndGlobal
